// !$*UTF8*$!
{
	archiveVersion = 1;
	classes = {
	};
	objectVersion = 46;
	objects = {

/* Begin PBXBuildFile section */
		413886311B860C440003C7F7 /* MulleScion.framework in Frameworks */ = {isa = PBXBuildFile; fileRef = 415238581B860C1B00E74581 /* MulleScion.framework */; };
		41820CB117E0A88900E0F019 /* Foundation.framework in Frameworks */ = {isa = PBXBuildFile; fileRef = 41820CB017E0A88900E0F019 /* Foundation.framework */; };
		41820CB417E0A88900E0F019 /* main.m in Sources */ = {isa = PBXBuildFile; fileRef = 41820CB317E0A88900E0F019 /* main.m */; };
/* End PBXBuildFile section */

/* Begin PBXContainerItemProxy section */
		4138862F1B860C3E0003C7F7 /* PBXContainerItemProxy */ = {
			isa = PBXContainerItemProxy;
			containerPortal = 415238401B860C1B00E74581 /* MulleScion.xcodeproj */;
			proxyType = 1;
			remoteGlobalIDString = 41D6DF5B16DE53AE004833D6;
			remoteInfo = "MulleScion (OSX Framework)";
		};
		415238551B860C1B00E74581 /* PBXContainerItemProxy */ = {
			isa = PBXContainerItemProxy;
			containerPortal = 415238401B860C1B00E74581 /* MulleScion.xcodeproj */;
			proxyType = 2;
			remoteGlobalIDString = 41764B8C16DA511200560FCF;
			remoteInfo = "mulle-scion";
		};
		415238571B860C1B00E74581 /* PBXContainerItemProxy */ = {
			isa = PBXContainerItemProxy;
			containerPortal = 415238401B860C1B00E74581 /* MulleScion.xcodeproj */;
			proxyType = 2;
			remoteGlobalIDString = 41D6DF5C16DE53AE004833D6;
			remoteInfo = "MulleScion (OSX Framework)";
		};
		415238591B860C1B00E74581 /* PBXContainerItemProxy */ = {
			isa = PBXContainerItemProxy;
			containerPortal = 415238401B860C1B00E74581 /* MulleScion.xcodeproj */;
			proxyType = 2;
			remoteGlobalIDString = 41D6DF2416DE523D004833D6;
			remoteInfo = "MulleScion (OSX Library)";
		};
		4152385B1B860C1B00E74581 /* PBXContainerItemProxy */ = {
			isa = PBXContainerItemProxy;
			containerPortal = 415238401B860C1B00E74581 /* MulleScion.xcodeproj */;
			proxyType = 2;
			remoteGlobalIDString = 41FAED81182D275E002CD114;
			remoteInfo = "MulleScionFoundation (OSX Library)";
		};
		4152385D1B860C1B00E74581 /* PBXContainerItemProxy */ = {
			isa = PBXContainerItemProxy;
			containerPortal = 415238401B860C1B00E74581 /* MulleScion.xcodeproj */;
			proxyType = 2;
			remoteGlobalIDString = 41AEA214182D097300840887;
			remoteInfo = "MulleScionGraphviz (OSX Library)";
		};
		4152385F1B860C1B00E74581 /* PBXContainerItemProxy */ = {
			isa = PBXContainerItemProxy;
			containerPortal = 415238401B860C1B00E74581 /* MulleScion.xcodeproj */;
			proxyType = 2;
			remoteGlobalIDString = 41D6DF0416DE51C9004833D6;
			remoteInfo = "MulleScionParser (OSX Library)";
		};
		415238611B860C1B00E74581 /* PBXContainerItemProxy */ = {
			isa = PBXContainerItemProxy;
			containerPortal = 415238401B860C1B00E74581 /* MulleScion.xcodeproj */;
			proxyType = 2;
			remoteGlobalIDString = 41D6DED916DE509E004833D6;
			remoteInfo = "MulleScionPrinter (OSX Library)";
		};
		415238631B860C1B00E74581 /* PBXContainerItemProxy */ = {
			isa = PBXContainerItemProxy;
			containerPortal = 415238401B860C1B00E74581 /* MulleScion.xcodeproj */;
			proxyType = 2;
			remoteGlobalIDString = 412905341830E99800489CE5;
			remoteInfo = "MulleScion (iOS Framework)";
		};
		415238651B860C1B00E74581 /* PBXContainerItemProxy */ = {
			isa = PBXContainerItemProxy;
			containerPortal = 415238401B860C1B00E74581 /* MulleScion.xcodeproj */;
			proxyType = 2;
			remoteGlobalIDString = 410300721701DBE200197713;
			remoteInfo = "MulleScion (iOS Library)";
		};
		415238671B860C1B00E74581 /* PBXContainerItemProxy */ = {
			isa = PBXContainerItemProxy;
			containerPortal = 415238401B860C1B00E74581 /* MulleScion.xcodeproj */;
			proxyType = 2;
			remoteGlobalIDString = 411EEAB5182D311F00361ADF;
			remoteInfo = "MulleScionFoundation (iOS Library)";
		};
		415238691B860C1B00E74581 /* PBXContainerItemProxy */ = {
			isa = PBXContainerItemProxy;
			containerPortal = 415238401B860C1B00E74581 /* MulleScion.xcodeproj */;
			proxyType = 2;
			remoteGlobalIDString = 412E8006182D2F80008A7FCC;
			remoteInfo = "MulleScionGraphviz (iOS Library)";
		};
		4152386B1B860C1B00E74581 /* PBXContainerItemProxy */ = {
			isa = PBXContainerItemProxy;
			containerPortal = 415238401B860C1B00E74581 /* MulleScion.xcodeproj */;
			proxyType = 2;
			remoteGlobalIDString = 41EC0149182D301A00A17DBD;
			remoteInfo = "MulleScionParser (iOS Library)";
		};
		4152386D1B860C1B00E74581 /* PBXContainerItemProxy */ = {
			isa = PBXContainerItemProxy;
			containerPortal = 415238401B860C1B00E74581 /* MulleScion.xcodeproj */;
			proxyType = 2;
			remoteGlobalIDString = 411EEA9A182D30B600361ADF;
			remoteInfo = "MulleScionPrinter (iOS Library)";
		};
/* End PBXContainerItemProxy section */

/* Begin PBXFileReference section */
		415238401B860C1B00E74581 /* MulleScion.xcodeproj */ = {isa = PBXFileReference; lastKnownFileType = "wrapper.pb-project"; name = MulleScion.xcodeproj; path = ../MulleScion.xcodeproj; sourceTree = "<group>"; };
		41820CB017E0A88900E0F019 /* Foundation.framework */ = {isa = PBXFileReference; lastKnownFileType = wrapper.framework; name = Foundation.framework; path = System/Library/Frameworks/Foundation.framework; sourceTree = SDKROOT; };
		41820CB317E0A88900E0F019 /* main.m */ = {isa = PBXFileReference; lastKnownFileType = sourcecode.c.objc; path = main.m; sourceTree = "<group>"; };
		419966FA17E0B1180088EA83 /* inline-mulle-scion */ = {isa = PBXFileReference; explicitFileType = "compiled.mach-o.executable"; includeInIndex = 0; path = "inline-mulle-scion"; sourceTree = BUILT_PRODUCTS_DIR; };
		41F2D88917E335F400E00498 /* MulleScion.framework */ = {isa = PBXFileReference; lastKnownFileType = wrapper.framework; name = MulleScion.framework; path = ../../../../../Library/Frameworks/MulleScion.framework; sourceTree = "<group>"; };
/* End PBXFileReference section */

/* Begin PBXFrameworksBuildPhase section */
		41820CAA17E0A88900E0F019 /* Frameworks */ = {
			isa = PBXFrameworksBuildPhase;
			buildActionMask = 2147483647;
			files = (
				413886311B860C440003C7F7 /* MulleScion.framework in Frameworks */,
				41820CB117E0A88900E0F019 /* Foundation.framework in Frameworks */,
			);
			runOnlyForDeploymentPostprocessing = 0;
		};
/* End PBXFrameworksBuildPhase section */

/* Begin PBXGroup section */
		415238411B860C1B00E74581 /* Products */ = {
			isa = PBXGroup;
			children = (
				415238561B860C1B00E74581 /* mulle-scion */,
				415238581B860C1B00E74581 /* MulleScion.framework */,
				4152385A1B860C1B00E74581 /* libMulleScion.a */,
				4152385C1B860C1B00E74581 /* libMulleScionFoundation.a */,
				4152385E1B860C1B00E74581 /* libMulleScionGraphviz.a */,
				415238601B860C1B00E74581 /* libMulleScionParser.a */,
				415238621B860C1B00E74581 /* libMulleScionPrinter.a */,
				415238641B860C1B00E74581 /* MulleScion.framework */,
				415238661B860C1B00E74581 /* libMulleScion.a */,
				415238681B860C1B00E74581 /* libMulleScionFoundation.a */,
				4152386A1B860C1B00E74581 /* libMulleScionGraphviz.a */,
				4152386C1B860C1B00E74581 /* libMulleScionParser.a */,
				4152386E1B860C1B00E74581 /* libMulleScionPrinter.a */,
			);
			name = Products;
			sourceTree = "<group>";
		};
		41820CA417E0A88900E0F019 = {
			isa = PBXGroup;
			children = (
				415238401B860C1B00E74581 /* MulleScion.xcodeproj */,
				41820CB217E0A88900E0F019 /* inline-mulle-scion */,
				41820CAF17E0A88900E0F019 /* Frameworks */,
				419966FA17E0B1180088EA83 /* inline-mulle-scion */,
			);
			sourceTree = "<group>";
		};
		41820CAF17E0A88900E0F019 /* Frameworks */ = {
			isa = PBXGroup;
			children = (
				41F2D88917E335F400E00498 /* MulleScion.framework */,
				41820CB017E0A88900E0F019 /* Foundation.framework */,
			);
			name = Frameworks;
			sourceTree = "<group>";
		};
		41820CB217E0A88900E0F019 /* inline-mulle-scion */ = {
			isa = PBXGroup;
			children = (
				41820CB317E0A88900E0F019 /* main.m */,
			);
			path = "inline-mulle-scion";
			sourceTree = "<group>";
		};
/* End PBXGroup section */

/* Begin PBXNativeTarget section */
		41820CAC17E0A88900E0F019 /* inline-mulle-scion */ = {
			isa = PBXNativeTarget;
			buildConfigurationList = 41820CBB17E0A88900E0F019 /* Build configuration list for PBXNativeTarget "inline-mulle-scion" */;
			buildPhases = (
				41820CA917E0A88900E0F019 /* Sources */,
				41820CAA17E0A88900E0F019 /* Frameworks */,
			);
			buildRules = (
			);
			dependencies = (
				413886301B860C3E0003C7F7 /* PBXTargetDependency */,
			);
			name = "inline-mulle-scion";
			productName = "minimal-mulle-scion";
			productReference = 419966FA17E0B1180088EA83 /* inline-mulle-scion */;
			productType = "com.apple.product-type.tool";
		};
/* End PBXNativeTarget section */

/* Begin PBXProject section */
		41820CA517E0A88900E0F019 /* Project object */ = {
			isa = PBXProject;
			attributes = {
				LastUpgradeCheck = 0460;
				ORGANIZATIONNAME = "Mulle kybernetiK";
			};
			buildConfigurationList = 41820CA817E0A88900E0F019 /* Build configuration list for PBXProject "inline-mulle-scion" */;
			compatibilityVersion = "Xcode 3.2";
			developmentRegion = English;
			hasScannedForEncodings = 0;
			knownRegions = (
				en,
			);
			mainGroup = 41820CA417E0A88900E0F019;
			productRefGroup = 41820CA417E0A88900E0F019;
			projectDirPath = "";
			projectReferences = (
				{
					ProductGroup = 415238411B860C1B00E74581 /* Products */;
					ProjectRef = 415238401B860C1B00E74581 /* MulleScion.xcodeproj */;
				},
			);
			projectRoot = "";
			targets = (
				41820CAC17E0A88900E0F019 /* inline-mulle-scion */,
			);
		};
/* End PBXProject section */

/* Begin PBXReferenceProxy section */
		415238561B860C1B00E74581 /* mulle-scion */ = {
			isa = PBXReferenceProxy;
			fileType = "compiled.mach-o.executable";
			path = "mulle-scion";
			remoteRef = 415238551B860C1B00E74581 /* PBXContainerItemProxy */;
			sourceTree = BUILT_PRODUCTS_DIR;
		};
		415238581B860C1B00E74581 /* MulleScion.framework */ = {
			isa = PBXReferenceProxy;
			fileType = wrapper.framework;
			path = MulleScion.framework;
			remoteRef = 415238571B860C1B00E74581 /* PBXContainerItemProxy */;
			sourceTree = BUILT_PRODUCTS_DIR;
		};
		4152385A1B860C1B00E74581 /* libMulleScion.a */ = {
			isa = PBXReferenceProxy;
			fileType = archive.ar;
			path = libMulleScion.a;
			remoteRef = 415238591B860C1B00E74581 /* PBXContainerItemProxy */;
			sourceTree = BUILT_PRODUCTS_DIR;
		};
		4152385C1B860C1B00E74581 /* libMulleScionFoundation.a */ = {
			isa = PBXReferenceProxy;
			fileType = archive.ar;
			path = libMulleScionFoundation.a;
			remoteRef = 4152385B1B860C1B00E74581 /* PBXContainerItemProxy */;
			sourceTree = BUILT_PRODUCTS_DIR;
		};
		4152385E1B860C1B00E74581 /* libMulleScionGraphviz.a */ = {
			isa = PBXReferenceProxy;
			fileType = archive.ar;
			path = libMulleScionGraphviz.a;
			remoteRef = 4152385D1B860C1B00E74581 /* PBXContainerItemProxy */;
			sourceTree = BUILT_PRODUCTS_DIR;
		};
		415238601B860C1B00E74581 /* libMulleScionParser.a */ = {
			isa = PBXReferenceProxy;
			fileType = archive.ar;
			path = libMulleScionParser.a;
			remoteRef = 4152385F1B860C1B00E74581 /* PBXContainerItemProxy */;
			sourceTree = BUILT_PRODUCTS_DIR;
		};
		415238621B860C1B00E74581 /* libMulleScionPrinter.a */ = {
			isa = PBXReferenceProxy;
			fileType = archive.ar;
			path = libMulleScionPrinter.a;
			remoteRef = 415238611B860C1B00E74581 /* PBXContainerItemProxy */;
			sourceTree = BUILT_PRODUCTS_DIR;
		};
		415238641B860C1B00E74581 /* MulleScion.framework */ = {
			isa = PBXReferenceProxy;
			fileType = wrapper.framework.static;
			path = MulleScion.framework;
			remoteRef = 415238631B860C1B00E74581 /* PBXContainerItemProxy */;
			sourceTree = BUILT_PRODUCTS_DIR;
		};
		415238661B860C1B00E74581 /* libMulleScion.a */ = {
			isa = PBXReferenceProxy;
			fileType = archive.ar;
			path = libMulleScion.a;
			remoteRef = 415238651B860C1B00E74581 /* PBXContainerItemProxy */;
			sourceTree = BUILT_PRODUCTS_DIR;
		};
		415238681B860C1B00E74581 /* libMulleScionFoundation.a */ = {
			isa = PBXReferenceProxy;
			fileType = archive.ar;
			path = libMulleScionFoundation.a;
			remoteRef = 415238671B860C1B00E74581 /* PBXContainerItemProxy */;
			sourceTree = BUILT_PRODUCTS_DIR;
		};
		4152386A1B860C1B00E74581 /* libMulleScionGraphviz.a */ = {
			isa = PBXReferenceProxy;
			fileType = archive.ar;
			path = libMulleScionGraphviz.a;
			remoteRef = 415238691B860C1B00E74581 /* PBXContainerItemProxy */;
			sourceTree = BUILT_PRODUCTS_DIR;
		};
		4152386C1B860C1B00E74581 /* libMulleScionParser.a */ = {
			isa = PBXReferenceProxy;
			fileType = archive.ar;
			path = libMulleScionParser.a;
			remoteRef = 4152386B1B860C1B00E74581 /* PBXContainerItemProxy */;
			sourceTree = BUILT_PRODUCTS_DIR;
		};
		4152386E1B860C1B00E74581 /* libMulleScionPrinter.a */ = {
			isa = PBXReferenceProxy;
			fileType = archive.ar;
			path = libMulleScionPrinter.a;
			remoteRef = 4152386D1B860C1B00E74581 /* PBXContainerItemProxy */;
			sourceTree = BUILT_PRODUCTS_DIR;
		};
/* End PBXReferenceProxy section */

/* Begin PBXSourcesBuildPhase section */
		41820CA917E0A88900E0F019 /* Sources */ = {
			isa = PBXSourcesBuildPhase;
			buildActionMask = 2147483647;
			files = (
				41820CB417E0A88900E0F019 /* main.m in Sources */,
			);
			runOnlyForDeploymentPostprocessing = 0;
		};
/* End PBXSourcesBuildPhase section */

/* Begin PBXTargetDependency section */
		413886301B860C3E0003C7F7 /* PBXTargetDependency */ = {
			isa = PBXTargetDependency;
			name = "MulleScion (OSX Framework)";
			targetProxy = 4138862F1B860C3E0003C7F7 /* PBXContainerItemProxy */;
		};
/* End PBXTargetDependency section */

/* Begin XCBuildConfiguration section */
		41820CB917E0A88900E0F019 /* Debug */ = {
			isa = XCBuildConfiguration;
			buildSettings = {
				ALWAYS_SEARCH_USER_PATHS = NO;
				CLANG_WARN_CONSTANT_CONVERSION = YES;
				CLANG_WARN_EMPTY_BODY = YES;
				CLANG_WARN_ENUM_CONVERSION = YES;
				CLANG_WARN_INT_CONVERSION = YES;
				CLANG_WARN__DUPLICATE_METHOD_MATCH = YES;
				COPY_PHASE_STRIP = NO;
				GCC_C_LANGUAGE_STANDARD = gnu99;
				GCC_DYNAMIC_NO_PIC = NO;
				GCC_ENABLE_OBJC_EXCEPTIONS = YES;
				GCC_OPTIMIZATION_LEVEL = 0;
				GCC_PREPROCESSOR_DEFINITIONS = (
					"DEBUG=1",
					"$(inherited)",
				);
				GCC_SYMBOLS_PRIVATE_EXTERN = NO;
				GCC_WARN_64_TO_32_BIT_CONVERSION = YES;
				GCC_WARN_ABOUT_RETURN_TYPE = YES;
				GCC_WARN_UNINITIALIZED_AUTOS = YES;
				GCC_WARN_UNUSED_VARIABLE = YES;
				MACOSX_DEPLOYMENT_TARGET = 10.8;
				ONLY_ACTIVE_ARCH = YES;
				SDKROOT = macosx;
			};
			name = Debug;
		};
		41820CBA17E0A88900E0F019 /* Release */ = {
			isa = XCBuildConfiguration;
			buildSettings = {
				ALWAYS_SEARCH_USER_PATHS = NO;
				CLANG_WARN_CONSTANT_CONVERSION = YES;
				CLANG_WARN_EMPTY_BODY = YES;
				CLANG_WARN_ENUM_CONVERSION = YES;
				CLANG_WARN_INT_CONVERSION = YES;
				CLANG_WARN__DUPLICATE_METHOD_MATCH = YES;
				COPY_PHASE_STRIP = YES;
				DEBUG_INFORMATION_FORMAT = "dwarf-with-dsym";
				GCC_C_LANGUAGE_STANDARD = gnu99;
				GCC_ENABLE_OBJC_EXCEPTIONS = YES;
				GCC_WARN_64_TO_32_BIT_CONVERSION = YES;
				GCC_WARN_ABOUT_RETURN_TYPE = YES;
				GCC_WARN_UNINITIALIZED_AUTOS = YES;
				GCC_WARN_UNUSED_VARIABLE = YES;
				MACOSX_DEPLOYMENT_TARGET = 10.8;
				SDKROOT = macosx;
			};
			name = Release;
		};
		41820CBC17E0A88900E0F019 /* Debug */ = {
			isa = XCBuildConfiguration;
			buildSettings = {
				FRAMEWORK_SEARCH_PATHS = (
					"$(inherited)",
					/Library/Frameworks,
				);
				PRODUCT_NAME = "inline-mulle-scion";
			};
			name = Debug;
		};
		41820CBD17E0A88900E0F019 /* Release */ = {
			isa = XCBuildConfiguration;
			buildSettings = {
				FRAMEWORK_SEARCH_PATHS = (
					"$(inherited)",
					/Library/Frameworks,
				);
				PRODUCT_NAME = "inline-mulle-scion";
			};
			name = Release;
		};
/* End XCBuildConfiguration section */

/* Begin XCConfigurationList section */
		41820CA817E0A88900E0F019 /* Build configuration list for PBXProject "inline-mulle-scion" */ = {
			isa = XCConfigurationList;
			buildConfigurations = (
				41820CB917E0A88900E0F019 /* Debug */,
				41820CBA17E0A88900E0F019 /* Release */,
			);
			defaultConfigurationIsVisible = 0;
			defaultConfigurationName = Release;
		};
		41820CBB17E0A88900E0F019 /* Build configuration list for PBXNativeTarget "inline-mulle-scion" */ = {
			isa = XCConfigurationList;
			buildConfigurations = (
				41820CBC17E0A88900E0F019 /* Debug */,
				41820CBD17E0A88900E0F019 /* Release */,
			);
			defaultConfigurationIsVisible = 0;
			defaultConfigurationName = Release;
		};
/* End XCConfigurationList section */
	};
	rootObject = 41820CA517E0A88900E0F019 /* Project object */;
}
